
Microsoft Visual Studio Solution File, Format Version 12.00
# Visual Studio Version 17
VisualStudioVersion = 17.14.36623.8
MinimumVisualStudioVersion = 10.0.40219.1
Project("{8BC9CEB8-8B4A-11D0-8D11-00A0C91BC942}") = "VGP340", "VGP340.vcxproj", "{6EA0C8DB-9E1A-461E-BBD3-A78FEFA18DB2}"
EndProject
Project("{8BC9CEB8-8B4A-11D0-8D11-00A0C91BC942}") = "Week1", "Projects\Week1\Week1.vcxproj", "{85CBE0FF-0F5A-49C9-91B8-DB27947F1295}"
EndProject
Project("{8BC9CEB8-8B4A-11D0-8D11-00A0C91BC942}") = "Assignment1", "Projects\Assignment1\Assignment1.vcxproj", "{D9939CFE-5239-457A-8768-4E9184DFA7CD}"
EndProject
Project("{8BC9CEB8-8B4A-11D0-8D11-00A0C91BC942}") = "Week2", "Projects\Week2\Week2.vcxproj", "{3A350EDE-8C0C-4663-83B6-82F84ED2BFFE}"
EndProject
Project("{2150E333-8FDC-42A3-9474-1A3956D46DE8}") = "Projects", "Projects", "{02EA681E-C7D8-13C7-8484-4AC65E1B71E8}"
EndProject
Project("{2150E333-8FDC-42A3-9474-1A3956D46DE8}") = "Examples", "Examples", "{2EFB7E99-2703-457B-97D6-6D94C8EEAF75}"
EndProject
Project("{8BC9CEB8-8B4A-11D0-8D11-00A0C91BC942}") = "HelloOMP", "Examples\OpenMP_Examples\HelloOMP\HelloOMP.vcxproj", "{06B960C9-FA3E-4A4F-9254-43878C2515E7}"
EndProject
Project("{8BC9CEB8-8B4A-11D0-8D11-00A0C91BC942}") = "PI_OMP_ManualFor", "Examples\OpenMP_Examples\PI_OMP_ManualFor\PI_OMP_ManualFor.vcxproj", "{EC3CB987-752A-4AB0-B125-29639F2F841C}"
EndProject
Project("{8BC9CEB8-8B4A-11D0-8D11-00A0C91BC942}") = "PI_Serial", "Examples\OpenMP_Examples\PI_Serial\PI_Serial.vcxproj", "{2AC0E1E2-28A9-4661-871E-B1257494F9A1}"
EndProject
Project("{2150E333-8FDC-42A3-9474-1A3956D46DE8}") = "week2", "week2", "{8B155F42-6195-4FD4-AD3C-59403101D304}"
EndProject
Project("{8BC9CEB8-8B4A-11D0-8D11-00A0C91BC942}") = "A2_AdvancedOpenMP", "Projects\A2_AdvancedOpenMP\A2_AdvancedOpenMP.vcxproj", "{7C94CA61-73AF-4FC2-BE26-85751A11FD26}"
EndProject
Project("{8BC9CEB8-8B4A-11D0-8D11-00A0C91BC942}") = "A3_ DiningandPhilosophersDilemma", "Projects\A3_ DiningandPhilosophersDilemma\A3_ DiningandPhilosophersDilemma.vcxproj", "{2932472B-6938-452F-A5EB-E08EFF3A7961}"
EndProject
Project("{8BC9CEB8-8B4A-11D0-8D11-00A0C91BC942}") = "Week3", "Projects\Week3\Week3.vcxproj", "{EED832DF-83F2-46F2-A930-9567045613A4}"
EndProject
Project("{8BC9CEB8-8B4A-11D0-8D11-00A0C91BC942}") = "Week4", "Projects\Week4\Week4.vcxproj", "{0EE707A4-0D31-4350-8C48-E96B06753235}"
EndProject
Project("{8BC9CEB8-8B4A-11D0-8D11-00A0C91BC942}") = "ConditionVariableExample", "Examples\ConditionVariableExample\ConditionVariableExample.vcxproj", "{54E689F5-2CC2-4264-9E83-B4B17527B413}"
EndProject
Project("{8BC9CEB8-8B4A-11D0-8D11-00A0C91BC942}") = "A4_ConditionalVariable", "Projects\A4_ConditionalVariable\A4_ConditionalVariable.vcxproj", "{F4DAD888-0E60-4EB0-B58A-D8FA429BC8DB}"
EndProject
Global
	GlobalSection(SolutionConfigurationPlatforms) = preSolution
		Debug|x64 = Debug|x64
		Debug|x86 = Debug|x86
		Release|x64 = Release|x64
		Release|x86 = Release|x86
	EndGlobalSection
	GlobalSection(ProjectConfigurationPlatforms) = postSolution
		{6EA0C8DB-9E1A-461E-BBD3-A78FEFA18DB2}.Debug|x64.ActiveCfg = Debug|x64
		{6EA0C8DB-9E1A-461E-BBD3-A78FEFA18DB2}.Debug|x64.Build.0 = Debug|x64
		{6EA0C8DB-9E1A-461E-BBD3-A78FEFA18DB2}.Debug|x86.ActiveCfg = Debug|Win32
		{6EA0C8DB-9E1A-461E-BBD3-A78FEFA18DB2}.Debug|x86.Build.0 = Debug|Win32
		{6EA0C8DB-9E1A-461E-BBD3-A78FEFA18DB2}.Release|x64.ActiveCfg = Release|x64
		{6EA0C8DB-9E1A-461E-BBD3-A78FEFA18DB2}.Release|x64.Build.0 = Release|x64
		{6EA0C8DB-9E1A-461E-BBD3-A78FEFA18DB2}.Release|x86.ActiveCfg = Release|Win32
		{6EA0C8DB-9E1A-461E-BBD3-A78FEFA18DB2}.Release|x86.Build.0 = Release|Win32
		{85CBE0FF-0F5A-49C9-91B8-DB27947F1295}.Debug|x64.ActiveCfg = Debug|x64
		{85CBE0FF-0F5A-49C9-91B8-DB27947F1295}.Debug|x64.Build.0 = Debug|x64
		{85CBE0FF-0F5A-49C9-91B8-DB27947F1295}.Debug|x86.ActiveCfg = Debug|Win32
		{85CBE0FF-0F5A-49C9-91B8-DB27947F1295}.Debug|x86.Build.0 = Debug|Win32
		{85CBE0FF-0F5A-49C9-91B8-DB27947F1295}.Release|x64.ActiveCfg = Release|x64
		{85CBE0FF-0F5A-49C9-91B8-DB27947F1295}.Release|x64.Build.0 = Release|x64
		{85CBE0FF-0F5A-49C9-91B8-DB27947F1295}.Release|x86.ActiveCfg = Release|Win32
		{85CBE0FF-0F5A-49C9-91B8-DB27947F1295}.Release|x86.Build.0 = Release|Win32
		{D9939CFE-5239-457A-8768-4E9184DFA7CD}.Debug|x64.ActiveCfg = Debug|x64
		{D9939CFE-5239-457A-8768-4E9184DFA7CD}.Debug|x64.Build.0 = Debug|x64
		{D9939CFE-5239-457A-8768-4E9184DFA7CD}.Debug|x86.ActiveCfg = Debug|Win32
		{D9939CFE-5239-457A-8768-4E9184DFA7CD}.Debug|x86.Build.0 = Debug|Win32
		{D9939CFE-5239-457A-8768-4E9184DFA7CD}.Release|x64.ActiveCfg = Release|x64
		{D9939CFE-5239-457A-8768-4E9184DFA7CD}.Release|x64.Build.0 = Release|x64
		{D9939CFE-5239-457A-8768-4E9184DFA7CD}.Release|x86.ActiveCfg = Release|Win32
		{D9939CFE-5239-457A-8768-4E9184DFA7CD}.Release|x86.Build.0 = Release|Win32
		{3A350EDE-8C0C-4663-83B6-82F84ED2BFFE}.Debug|x64.ActiveCfg = Debug|x64
		{3A350EDE-8C0C-4663-83B6-82F84ED2BFFE}.Debug|x64.Build.0 = Debug|x64
		{3A350EDE-8C0C-4663-83B6-82F84ED2BFFE}.Debug|x86.ActiveCfg = Debug|Win32
		{3A350EDE-8C0C-4663-83B6-82F84ED2BFFE}.Debug|x86.Build.0 = Debug|Win32
		{3A350EDE-8C0C-4663-83B6-82F84ED2BFFE}.Release|x64.ActiveCfg = Release|x64
		{3A350EDE-8C0C-4663-83B6-82F84ED2BFFE}.Release|x64.Build.0 = Release|x64
		{3A350EDE-8C0C-4663-83B6-82F84ED2BFFE}.Release|x86.ActiveCfg = Release|Win32
		{3A350EDE-8C0C-4663-83B6-82F84ED2BFFE}.Release|x86.Build.0 = Release|Win32
		{06B960C9-FA3E-4A4F-9254-43878C2515E7}.Debug|x64.ActiveCfg = Debug|x64
		{06B960C9-FA3E-4A4F-9254-43878C2515E7}.Debug|x64.Build.0 = Debug|x64
		{06B960C9-FA3E-4A4F-9254-43878C2515E7}.Debug|x86.ActiveCfg = Debug|Win32
		{06B960C9-FA3E-4A4F-9254-43878C2515E7}.Debug|x86.Build.0 = Debug|Win32
		{06B960C9-FA3E-4A4F-9254-43878C2515E7}.Release|x64.ActiveCfg = Release|x64
		{06B960C9-FA3E-4A4F-9254-43878C2515E7}.Release|x64.Build.0 = Release|x64
		{06B960C9-FA3E-4A4F-9254-43878C2515E7}.Release|x86.ActiveCfg = Release|Win32
		{06B960C9-FA3E-4A4F-9254-43878C2515E7}.Release|x86.Build.0 = Release|Win32
		{EC3CB987-752A-4AB0-B125-29639F2F841C}.Debug|x64.ActiveCfg = Debug|x64
		{EC3CB987-752A-4AB0-B125-29639F2F841C}.Debug|x64.Build.0 = Debug|x64
		{EC3CB987-752A-4AB0-B125-29639F2F841C}.Debug|x86.ActiveCfg = Debug|Win32
		{EC3CB987-752A-4AB0-B125-29639F2F841C}.Debug|x86.Build.0 = Debug|Win32
		{EC3CB987-752A-4AB0-B125-29639F2F841C}.Release|x64.ActiveCfg = Release|x64
		{EC3CB987-752A-4AB0-B125-29639F2F841C}.Release|x64.Build.0 = Release|x64
		{EC3CB987-752A-4AB0-B125-29639F2F841C}.Release|x86.ActiveCfg = Release|Win32
		{EC3CB987-752A-4AB0-B125-29639F2F841C}.Release|x86.Build.0 = Release|Win32
		{2AC0E1E2-28A9-4661-871E-B1257494F9A1}.Debug|x64.ActiveCfg = Debug|x64
		{2AC0E1E2-28A9-4661-871E-B1257494F9A1}.Debug|x64.Build.0 = Debug|x64
		{2AC0E1E2-28A9-4661-871E-B1257494F9A1}.Debug|x86.ActiveCfg = Debug|Win32
		{2AC0E1E2-28A9-4661-871E-B1257494F9A1}.Debug|x86.Build.0 = Debug|Win32
		{2AC0E1E2-28A9-4661-871E-B1257494F9A1}.Release|x64.ActiveCfg = Release|x64
		{2AC0E1E2-28A9-4661-871E-B1257494F9A1}.Release|x64.Build.0 = Release|x64
		{2AC0E1E2-28A9-4661-871E-B1257494F9A1}.Release|x86.ActiveCfg = Release|Win32
		{2AC0E1E2-28A9-4661-871E-B1257494F9A1}.Release|x86.Build.0 = Release|Win32
		{7C94CA61-73AF-4FC2-BE26-85751A11FD26}.Debug|x64.ActiveCfg = Debug|x64
		{7C94CA61-73AF-4FC2-BE26-85751A11FD26}.Debug|x64.Build.0 = Debug|x64
		{7C94CA61-73AF-4FC2-BE26-85751A11FD26}.Debug|x86.ActiveCfg = Debug|Win32
		{7C94CA61-73AF-4FC2-BE26-85751A11FD26}.Debug|x86.Build.0 = Debug|Win32
		{7C94CA61-73AF-4FC2-BE26-85751A11FD26}.Release|x64.ActiveCfg = Release|x64
		{7C94CA61-73AF-4FC2-BE26-85751A11FD26}.Release|x64.Build.0 = Release|x64
		{7C94CA61-73AF-4FC2-BE26-85751A11FD26}.Release|x86.ActiveCfg = Release|Win32
		{7C94CA61-73AF-4FC2-BE26-85751A11FD26}.Release|x86.Build.0 = Release|Win32
		{2932472B-6938-452F-A5EB-E08EFF3A7961}.Debug|x64.ActiveCfg = Debug|x64
		{2932472B-6938-452F-A5EB-E08EFF3A7961}.Debug|x64.Build.0 = Debug|x64
		{2932472B-6938-452F-A5EB-E08EFF3A7961}.Debug|x86.ActiveCfg = Debug|Win32
		{2932472B-6938-452F-A5EB-E08EFF3A7961}.Debug|x86.Build.0 = Debug|Win32
		{2932472B-6938-452F-A5EB-E08EFF3A7961}.Release|x64.ActiveCfg = Release|x64
		{2932472B-6938-452F-A5EB-E08EFF3A7961}.Release|x64.Build.0 = Release|x64
		{2932472B-6938-452F-A5EB-E08EFF3A7961}.Release|x86.ActiveCfg = Release|Win32
		{2932472B-6938-452F-A5EB-E08EFF3A7961}.Release|x86.Build.0 = Release|Win32
		{EED832DF-83F2-46F2-A930-9567045613A4}.Debug|x64.ActiveCfg = Debug|x64
		{EED832DF-83F2-46F2-A930-9567045613A4}.Debug|x64.Build.0 = Debug|x64
		{EED832DF-83F2-46F2-A930-9567045613A4}.Debug|x86.ActiveCfg = Debug|Win32
		{EED832DF-83F2-46F2-A930-9567045613A4}.Debug|x86.Build.0 = Debug|Win32
		{EED832DF-83F2-46F2-A930-9567045613A4}.Release|x64.ActiveCfg = Release|x64
		{EED832DF-83F2-46F2-A930-9567045613A4}.Release|x64.Build.0 = Release|x64
		{EED832DF-83F2-46F2-A930-9567045613A4}.Release|x86.ActiveCfg = Release|Win32
		{EED832DF-83F2-46F2-A930-9567045613A4}.Release|x86.Build.0 = Release|Win32
		{0EE707A4-0D31-4350-8C48-E96B06753235}.Debug|x64.ActiveCfg = Debug|x64
		{0EE707A4-0D31-4350-8C48-E96B06753235}.Debug|x64.Build.0 = Debug|x64
		{0EE707A4-0D31-4350-8C48-E96B06753235}.Debug|x86.ActiveCfg = Debug|Win32
		{0EE707A4-0D31-4350-8C48-E96B06753235}.Debug|x86.Build.0 = Debug|Win32
		{0EE707A4-0D31-4350-8C48-E96B06753235}.Release|x64.ActiveCfg = Release|x64
		{0EE707A4-0D31-4350-8C48-E96B06753235}.Release|x64.Build.0 = Release|x64
		{0EE707A4-0D31-4350-8C48-E96B06753235}.Release|x86.ActiveCfg = Release|Win32
		{0EE707A4-0D31-4350-8C48-E96B06753235}.Release|x86.Build.0 = Release|Win32
		{54E689F5-2CC2-4264-9E83-B4B17527B413}.Debug|x64.ActiveCfg = Debug|x64
		{54E689F5-2CC2-4264-9E83-B4B17527B413}.Debug|x64.Build.0 = Debug|x64
		{54E689F5-2CC2-4264-9E83-B4B17527B413}.Debug|x86.ActiveCfg = Debug|Win32
		{54E689F5-2CC2-4264-9E83-B4B17527B413}.Debug|x86.Build.0 = Debug|Win32
		{54E689F5-2CC2-4264-9E83-B4B17527B413}.Release|x64.ActiveCfg = Release|x64
		{54E689F5-2CC2-4264-9E83-B4B17527B413}.Release|x64.Build.0 = Release|x64
		{54E689F5-2CC2-4264-9E83-B4B17527B413}.Release|x86.ActiveCfg = Release|Win32
		{54E689F5-2CC2-4264-9E83-B4B17527B413}.Release|x86.Build.0 = Release|Win32
		{F4DAD888-0E60-4EB0-B58A-D8FA429BC8DB}.Debug|x64.ActiveCfg = Debug|x64
		{F4DAD888-0E60-4EB0-B58A-D8FA429BC8DB}.Debug|x64.Build.0 = Debug|x64
		{F4DAD888-0E60-4EB0-B58A-D8FA429BC8DB}.Debug|x86.ActiveCfg = Debug|Win32
		{F4DAD888-0E60-4EB0-B58A-D8FA429BC8DB}.Debug|x86.Build.0 = Debug|Win32
		{F4DAD888-0E60-4EB0-B58A-D8FA429BC8DB}.Release|x64.ActiveCfg = Release|x64
		{F4DAD888-0E60-4EB0-B58A-D8FA429BC8DB}.Release|x64.Build.0 = Release|x64
		{F4DAD888-0E60-4EB0-B58A-D8FA429BC8DB}.Release|x86.ActiveCfg = Release|Win32
		{F4DAD888-0E60-4EB0-B58A-D8FA429BC8DB}.Release|x86.Build.0 = Release|Win32
	EndGlobalSection
	GlobalSection(SolutionProperties) = preSolution
		HideSolutionNode = FALSE
	EndGlobalSection
	GlobalSection(NestedProjects) = preSolution
		{6EA0C8DB-9E1A-461E-BBD3-A78FEFA18DB2} = {02EA681E-C7D8-13C7-8484-4AC65E1B71E8}
		{85CBE0FF-0F5A-49C9-91B8-DB27947F1295} = {02EA681E-C7D8-13C7-8484-4AC65E1B71E8}
		{D9939CFE-5239-457A-8768-4E9184DFA7CD} = {02EA681E-C7D8-13C7-8484-4AC65E1B71E8}
		{3A350EDE-8C0C-4663-83B6-82F84ED2BFFE} = {02EA681E-C7D8-13C7-8484-4AC65E1B71E8}
		{06B960C9-FA3E-4A4F-9254-43878C2515E7} = {8B155F42-6195-4FD4-AD3C-59403101D304}
		{EC3CB987-752A-4AB0-B125-29639F2F841C} = {8B155F42-6195-4FD4-AD3C-59403101D304}
		{2AC0E1E2-28A9-4661-871E-B1257494F9A1} = {8B155F42-6195-4FD4-AD3C-59403101D304}
		{8B155F42-6195-4FD4-AD3C-59403101D304} = {2EFB7E99-2703-457B-97D6-6D94C8EEAF75}
		{7C94CA61-73AF-4FC2-BE26-85751A11FD26} = {02EA681E-C7D8-13C7-8484-4AC65E1B71E8}
		{2932472B-6938-452F-A5EB-E08EFF3A7961} = {02EA681E-C7D8-13C7-8484-4AC65E1B71E8}
		{EED832DF-83F2-46F2-A930-9567045613A4} = {02EA681E-C7D8-13C7-8484-4AC65E1B71E8}
		{0EE707A4-0D31-4350-8C48-E96B06753235} = {02EA681E-C7D8-13C7-8484-4AC65E1B71E8}
		{54E689F5-2CC2-4264-9E83-B4B17527B413} = {2EFB7E99-2703-457B-97D6-6D94C8EEAF75}
		{F4DAD888-0E60-4EB0-B58A-D8FA429BC8DB} = {02EA681E-C7D8-13C7-8484-4AC65E1B71E8}
	EndGlobalSection
	GlobalSection(ExtensibilityGlobals) = postSolution
		SolutionGuid = {27647E91-B88B-4003-817C-9C2EBE831DF1}
	EndGlobalSection
EndGlobal
